
Microsoft Visual Studio Solution File, Format Version 12.00
# Visual Studio Version 16
VisualStudioVersion = 16.0.31005.135
MinimumVisualStudioVersion = 10.0.40219.1
Project("{9A19103F-16F7-4668-BE54-9A1E7A4F7556}") = "ExampleCom.UI", "ExampleCom.UI.csproj", "{3B1E5F4B-4C42-48BE-863C-24551F4E3CC0}"
EndProject
Project("{9A19103F-16F7-4668-BE54-9A1E7A4F7556}") = "ExampleCom.EventHub.POCOs", "..\ExampleCom.EventHub.POCOs\ExampleCom.EventHub.POCOs.csproj", "{905AC8AE-8D8E-43AF-AF84-DA7D8B2606FA}"
EndProject
Project("{FAE04EC0-301F-11D3-BF4B-00C04F79EFBC}") = "ExampleCom.EventHub.Producer", "..\ExampleCom.EventHub.Producer\ExampleCom.EventHub.Producer.csproj", "{271A03D1-ACBC-40F8-8577-1B7012C56C9A}"
EndProject
Global
	GlobalSection(SolutionConfigurationPlatforms) = preSolution
		Debug|Any CPU = Debug|Any CPU
		Release|Any CPU = Release|Any CPU
	EndGlobalSection
	GlobalSection(ProjectConfigurationPlatforms) = postSolution
		{3B1E5F4B-4C42-48BE-863C-24551F4E3CC0}.Debug|Any CPU.ActiveCfg = Debug|Any CPU
		{3B1E5F4B-4C42-48BE-863C-24551F4E3CC0}.Debug|Any CPU.Build.0 = Debug|Any CPU
		{3B1E5F4B-4C42-48BE-863C-24551F4E3CC0}.Release|Any CPU.ActiveCfg = Release|Any CPU
		{3B1E5F4B-4C42-48BE-863C-24551F4E3CC0}.Release|Any CPU.Build.0 = Release|Any CPU
		{905AC8AE-8D8E-43AF-AF84-DA7D8B2606FA}.Debug|Any CPU.ActiveCfg = Debug|Any CPU
		{905AC8AE-8D8E-43AF-AF84-DA7D8B2606FA}.Debug|Any CPU.Build.0 = Debug|Any CPU
		{905AC8AE-8D8E-43AF-AF84-DA7D8B2606FA}.Release|Any CPU.ActiveCfg = Release|Any CPU
		{905AC8AE-8D8E-43AF-AF84-DA7D8B2606FA}.Release|Any CPU.Build.0 = Release|Any CPU
		{271A03D1-ACBC-40F8-8577-1B7012C56C9A}.Debug|Any CPU.ActiveCfg = Debug|Any CPU
		{271A03D1-ACBC-40F8-8577-1B7012C56C9A}.Debug|Any CPU.Build.0 = Debug|Any CPU
		{271A03D1-ACBC-40F8-8577-1B7012C56C9A}.Release|Any CPU.ActiveCfg = Release|Any CPU
		{271A03D1-ACBC-40F8-8577-1B7012C56C9A}.Release|Any CPU.Build.0 = Release|Any CPU
	EndGlobalSection
	GlobalSection(SolutionProperties) = preSolution
		HideSolutionNode = FALSE
	EndGlobalSection
	GlobalSection(ExtensibilityGlobals) = postSolution
		SolutionGuid = {8BC76C3F-C20E-4B29-8166-49FE037405A0}
	EndGlobalSection
EndGlobal
