
Microsoft Visual Studio Solution File, Format Version 12.00
# Visual Studio Version 16
VisualStudioVersion = 16.0.31005.135
MinimumVisualStudioVersion = 10.0.40219.1
Project("{FAE04EC0-301F-11D3-BF4B-00C04F79EFBC}") = "ExampleCom.EventHub.POCOs", "..\ExampleCom.EventHub.POCOs\ExampleCom.EventHub.POCOs.csproj", "{5DD056B8-2DD5-48BE-BB0A-CA3CEC77BBA3}"
EndProject
Project("{9A19103F-16F7-4668-BE54-9A1E7A4F7556}") = "ExampleCom.EventHub.Dispatcher", "ExampleCom.EventHub.Dispatcher.csproj", "{583288DD-C536-4E00-885B-F2F9A88BEC61}"
EndProject
Project("{FAE04EC0-301F-11D3-BF4B-00C04F79EFBC}") = "ExampleCom.EventHub.Consumer", "..\ExampleCom.EventHub.Consumer\ExampleCom.EventHub.Consumer.csproj", "{35991E39-FEA5-484E-A02C-181D1FFFBD4D}"
EndProject
Global
	GlobalSection(SolutionConfigurationPlatforms) = preSolution
		Debug|Any CPU = Debug|Any CPU
		Release|Any CPU = Release|Any CPU
	EndGlobalSection
	GlobalSection(ProjectConfigurationPlatforms) = postSolution
		{5DD056B8-2DD5-48BE-BB0A-CA3CEC77BBA3}.Debug|Any CPU.ActiveCfg = Debug|Any CPU
		{5DD056B8-2DD5-48BE-BB0A-CA3CEC77BBA3}.Debug|Any CPU.Build.0 = Debug|Any CPU
		{5DD056B8-2DD5-48BE-BB0A-CA3CEC77BBA3}.Release|Any CPU.ActiveCfg = Release|Any CPU
		{5DD056B8-2DD5-48BE-BB0A-CA3CEC77BBA3}.Release|Any CPU.Build.0 = Release|Any CPU
		{583288DD-C536-4E00-885B-F2F9A88BEC61}.Debug|Any CPU.ActiveCfg = Debug|Any CPU
		{583288DD-C536-4E00-885B-F2F9A88BEC61}.Debug|Any CPU.Build.0 = Debug|Any CPU
		{583288DD-C536-4E00-885B-F2F9A88BEC61}.Release|Any CPU.ActiveCfg = Release|Any CPU
		{583288DD-C536-4E00-885B-F2F9A88BEC61}.Release|Any CPU.Build.0 = Release|Any CPU
		{35991E39-FEA5-484E-A02C-181D1FFFBD4D}.Debug|Any CPU.ActiveCfg = Debug|Any CPU
		{35991E39-FEA5-484E-A02C-181D1FFFBD4D}.Debug|Any CPU.Build.0 = Debug|Any CPU
		{35991E39-FEA5-484E-A02C-181D1FFFBD4D}.Release|Any CPU.ActiveCfg = Release|Any CPU
		{35991E39-FEA5-484E-A02C-181D1FFFBD4D}.Release|Any CPU.Build.0 = Release|Any CPU
	EndGlobalSection
	GlobalSection(SolutionProperties) = preSolution
		HideSolutionNode = FALSE
	EndGlobalSection
	GlobalSection(ExtensibilityGlobals) = postSolution
		SolutionGuid = {18632823-E5A1-4F44-956A-1A6243EA96A6}
	EndGlobalSection
EndGlobal
